
Microsoft Visual Studio Solution File, Format Version 12.00
# Visual Studio Version 16
VisualStudioVersion = 16.0.30309.148
MinimumVisualStudioVersion = 10.0.40219.1
Project("{FAE04EC0-301F-11D3-BF4B-00C04F79EFBC}") = "HobbyHubTemplate.Android", "HobbyHubTemplate\HobbyHubTemplate.Android\HobbyHubTemplate.Android.csproj", "{6A4F1E73-296E-4FF0-B441-1422B2930E8B}"
EndProject
Project("{FAE04EC0-301F-11D3-BF4B-00C04F79EFBC}") = "HobbyHubTemplate.iOS", "HobbyHubTemplate\HobbyHubTemplate.iOS\HobbyHubTemplate.iOS.csproj", "{AC2AFB04-948D-4AA5-BD7A-4865B3E78A4F}"
EndProject
Project("{FAE04EC0-301F-11D3-BF4B-00C04F79EFBC}") = "HobbyHubTemplate", "HobbyHubTemplate\HobbyHubTemplate\HobbyHubTemplate.csproj", "{EBD77133-92C6-4196-8AD1-7A1442645D01}"
EndProject
Global
	GlobalSection(SolutionConfigurationPlatforms) = preSolution
		Debug|Any CPU = Debug|Any CPU
		Debug|iPhone = Debug|iPhone
		Debug|iPhoneSimulator = Debug|iPhoneSimulator
		Release|Any CPU = Release|Any CPU
		Release|iPhone = Release|iPhone
		Release|iPhoneSimulator = Release|iPhoneSimulator
	EndGlobalSection
	GlobalSection(ProjectConfigurationPlatforms) = postSolution
		{6A4F1E73-296E-4FF0-B441-1422B2930E8B}.Debug|Any CPU.ActiveCfg = Debug|Any CPU
		{6A4F1E73-296E-4FF0-B441-1422B2930E8B}.Debug|Any CPU.Build.0 = Debug|Any CPU
		{6A4F1E73-296E-4FF0-B441-1422B2930E8B}.Debug|Any CPU.Deploy.0 = Debug|Any CPU
		{6A4F1E73-296E-4FF0-B441-1422B2930E8B}.Debug|iPhone.ActiveCfg = Debug|Any CPU
		{6A4F1E73-296E-4FF0-B441-1422B2930E8B}.Debug|iPhone.Build.0 = Debug|Any CPU
		{6A4F1E73-296E-4FF0-B441-1422B2930E8B}.Debug|iPhone.Deploy.0 = Debug|Any CPU
		{6A4F1E73-296E-4FF0-B441-1422B2930E8B}.Debug|iPhoneSimulator.ActiveCfg = Debug|Any CPU
		{6A4F1E73-296E-4FF0-B441-1422B2930E8B}.Debug|iPhoneSimulator.Build.0 = Debug|Any CPU
		{6A4F1E73-296E-4FF0-B441-1422B2930E8B}.Debug|iPhoneSimulator.Deploy.0 = Debug|Any CPU
		{6A4F1E73-296E-4FF0-B441-1422B2930E8B}.Release|Any CPU.ActiveCfg = Release|Any CPU
		{6A4F1E73-296E-4FF0-B441-1422B2930E8B}.Release|Any CPU.Build.0 = Release|Any CPU
		{6A4F1E73-296E-4FF0-B441-1422B2930E8B}.Release|Any CPU.Deploy.0 = Release|Any CPU
		{6A4F1E73-296E-4FF0-B441-1422B2930E8B}.Release|iPhone.ActiveCfg = Release|Any CPU
		{6A4F1E73-296E-4FF0-B441-1422B2930E8B}.Release|iPhone.Build.0 = Release|Any CPU
		{6A4F1E73-296E-4FF0-B441-1422B2930E8B}.Release|iPhone.Deploy.0 = Release|Any CPU
		{6A4F1E73-296E-4FF0-B441-1422B2930E8B}.Release|iPhoneSimulator.ActiveCfg = Release|Any CPU
		{6A4F1E73-296E-4FF0-B441-1422B2930E8B}.Release|iPhoneSimulator.Build.0 = Release|Any CPU
		{6A4F1E73-296E-4FF0-B441-1422B2930E8B}.Release|iPhoneSimulator.Deploy.0 = Release|Any CPU
		{AC2AFB04-948D-4AA5-BD7A-4865B3E78A4F}.Debug|Any CPU.ActiveCfg = Debug|iPhone
		{AC2AFB04-948D-4AA5-BD7A-4865B3E78A4F}.Debug|Any CPU.Build.0 = Debug|iPhone
		{AC2AFB04-948D-4AA5-BD7A-4865B3E78A4F}.Debug|Any CPU.Deploy.0 = Debug|iPhone
		{AC2AFB04-948D-4AA5-BD7A-4865B3E78A4F}.Debug|iPhone.ActiveCfg = Debug|iPhone
		{AC2AFB04-948D-4AA5-BD7A-4865B3E78A4F}.Debug|iPhone.Build.0 = Debug|iPhone
		{AC2AFB04-948D-4AA5-BD7A-4865B3E78A4F}.Debug|iPhone.Deploy.0 = Debug|iPhone
		{AC2AFB04-948D-4AA5-BD7A-4865B3E78A4F}.Debug|iPhoneSimulator.ActiveCfg = Debug|iPhoneSimulator
		{AC2AFB04-948D-4AA5-BD7A-4865B3E78A4F}.Debug|iPhoneSimulator.Build.0 = Debug|iPhoneSimulator
		{AC2AFB04-948D-4AA5-BD7A-4865B3E78A4F}.Debug|iPhoneSimulator.Deploy.0 = Debug|iPhoneSimulator
		{AC2AFB04-948D-4AA5-BD7A-4865B3E78A4F}.Release|Any CPU.ActiveCfg = Release|iPhone
		{AC2AFB04-948D-4AA5-BD7A-4865B3E78A4F}.Release|Any CPU.Build.0 = Release|iPhone
		{AC2AFB04-948D-4AA5-BD7A-4865B3E78A4F}.Release|Any CPU.Deploy.0 = Release|iPhone
		{AC2AFB04-948D-4AA5-BD7A-4865B3E78A4F}.Release|iPhone.ActiveCfg = Release|iPhone
		{AC2AFB04-948D-4AA5-BD7A-4865B3E78A4F}.Release|iPhone.Build.0 = Release|iPhone
		{AC2AFB04-948D-4AA5-BD7A-4865B3E78A4F}.Release|iPhone.Deploy.0 = Release|iPhone
		{AC2AFB04-948D-4AA5-BD7A-4865B3E78A4F}.Release|iPhoneSimulator.ActiveCfg = Release|iPhoneSimulator
		{AC2AFB04-948D-4AA5-BD7A-4865B3E78A4F}.Release|iPhoneSimulator.Build.0 = Release|iPhoneSimulator
		{AC2AFB04-948D-4AA5-BD7A-4865B3E78A4F}.Release|iPhoneSimulator.Deploy.0 = Release|iPhoneSimulator
		{EBD77133-92C6-4196-8AD1-7A1442645D01}.Debug|Any CPU.ActiveCfg = Debug|Any CPU
		{EBD77133-92C6-4196-8AD1-7A1442645D01}.Debug|Any CPU.Build.0 = Debug|Any CPU
		{EBD77133-92C6-4196-8AD1-7A1442645D01}.Debug|Any CPU.Deploy.0 = Debug|Any CPU
		{EBD77133-92C6-4196-8AD1-7A1442645D01}.Debug|iPhone.ActiveCfg = Debug|Any CPU
		{EBD77133-92C6-4196-8AD1-7A1442645D01}.Debug|iPhone.Build.0 = Debug|Any CPU
		{EBD77133-92C6-4196-8AD1-7A1442645D01}.Debug|iPhone.Deploy.0 = Debug|Any CPU
		{EBD77133-92C6-4196-8AD1-7A1442645D01}.Debug|iPhoneSimulator.ActiveCfg = Debug|Any CPU
		{EBD77133-92C6-4196-8AD1-7A1442645D01}.Debug|iPhoneSimulator.Build.0 = Debug|Any CPU
		{EBD77133-92C6-4196-8AD1-7A1442645D01}.Debug|iPhoneSimulator.Deploy.0 = Debug|Any CPU
		{EBD77133-92C6-4196-8AD1-7A1442645D01}.Release|Any CPU.ActiveCfg = Release|Any CPU
		{EBD77133-92C6-4196-8AD1-7A1442645D01}.Release|Any CPU.Build.0 = Release|Any CPU
		{EBD77133-92C6-4196-8AD1-7A1442645D01}.Release|Any CPU.Deploy.0 = Release|Any CPU
		{EBD77133-92C6-4196-8AD1-7A1442645D01}.Release|iPhone.ActiveCfg = Release|Any CPU
		{EBD77133-92C6-4196-8AD1-7A1442645D01}.Release|iPhone.Build.0 = Release|Any CPU
		{EBD77133-92C6-4196-8AD1-7A1442645D01}.Release|iPhone.Deploy.0 = Release|Any CPU
		{EBD77133-92C6-4196-8AD1-7A1442645D01}.Release|iPhoneSimulator.ActiveCfg = Release|Any CPU
		{EBD77133-92C6-4196-8AD1-7A1442645D01}.Release|iPhoneSimulator.Build.0 = Release|Any CPU
		{EBD77133-92C6-4196-8AD1-7A1442645D01}.Release|iPhoneSimulator.Deploy.0 = Release|Any CPU
	EndGlobalSection
	GlobalSection(SolutionProperties) = preSolution
		HideSolutionNode = FALSE
	EndGlobalSection
	GlobalSection(ExtensibilityGlobals) = postSolution
		SolutionGuid = {46ACBB16-7C88-4620-A934-08AF2E9E7F02}
	EndGlobalSection
EndGlobal
